
Microsoft Visual Studio Solution File, Format Version 12.00
# Visual Studio 14
VisualStudioVersion = 14.0.22609.0
MinimumVisualStudioVersion = 10.0.40219.1
Project("{2150E333-8FDC-42A3-9474-1A3956D46DE8}") = ".nuget", ".nuget", "{882F7F6C-4CCE-4961-8680-F4F34A2780D4}"
	ProjectSection(SolutionItems) = preProject
		.nuget\NuGet.Config = .nuget\NuGet.Config
		.nuget\NuGet.exe = .nuget\NuGet.exe
		.nuget\NuGet.targets = .nuget\NuGet.targets
	EndProjectSection
EndProject
Project("{2150E333-8FDC-42A3-9474-1A3956D46DE8}") = "Solution Items", "Solution Items", "{F2689498-3543-43EA-8961-66385687E16F}"
	ProjectSection(SolutionItems) = preProject
		key.snk = key.snk
	EndProjectSection
EndProject
Project("{FAE04EC0-301F-11D3-BF4B-00C04F79EFBC}") = "MegaApiClient-3.5", "MegaApiClient-3.5\MegaApiClient-3.5.csproj", "{0DF3959D-22EE-48B3-B725-433D5497E61A}"
EndProject
Project("{FAE04EC0-301F-11D3-BF4B-00C04F79EFBC}") = "MegaApiClient-4.0", "MegaApiClient-4.0\MegaApiClient-4.0.csproj", "{0BAB4E80-F6D1-452C-8443-3BD0D53D4D9A}"
EndProject
Global
	GlobalSection(SolutionConfigurationPlatforms) = preSolution
		Debug|Any CPU = Debug|Any CPU
		Release|Any CPU = Release|Any CPU
	EndGlobalSection
	GlobalSection(ProjectConfigurationPlatforms) = postSolution
		{0DF3959D-22EE-48B3-B725-433D5497E61A}.Debug|Any CPU.ActiveCfg = Debug|Any CPU
		{0DF3959D-22EE-48B3-B725-433D5497E61A}.Debug|Any CPU.Build.0 = Debug|Any CPU
		{0DF3959D-22EE-48B3-B725-433D5497E61A}.Release|Any CPU.ActiveCfg = Release|Any CPU
		{0DF3959D-22EE-48B3-B725-433D5497E61A}.Release|Any CPU.Build.0 = Release|Any CPU
		{0BAB4E80-F6D1-452C-8443-3BD0D53D4D9A}.Debug|Any CPU.ActiveCfg = Debug|Any CPU
		{0BAB4E80-F6D1-452C-8443-3BD0D53D4D9A}.Debug|Any CPU.Build.0 = Debug|Any CPU
		{0BAB4E80-F6D1-452C-8443-3BD0D53D4D9A}.Release|Any CPU.ActiveCfg = Release|Any CPU
		{0BAB4E80-F6D1-452C-8443-3BD0D53D4D9A}.Release|Any CPU.Build.0 = Release|Any CPU
	EndGlobalSection
	GlobalSection(SolutionProperties) = preSolution
		HideSolutionNode = FALSE
	EndGlobalSection
EndGlobal
